
Microsoft Visual Studio Solution File, Format Version 12.00
# Visual Studio Version 16
VisualStudioVersion = 16.0.30011.22
MinimumVisualStudioVersion = 10.0.40219.1
Project("{FAE04EC0-301F-11D3-BF4B-00C04F79EFBC}") = "DataAccessLayer", "DataAccessLayer\DataAccessLayer.csproj", "{FA33DEAB-3F68-419B-8D2E-1420DEE464B8}"
EndProject
Project("{FAE04EC0-301F-11D3-BF4B-00C04F79EFBC}") = "WebAPIService", "WebAPIService\WebAPIService.csproj", "{8BA08FFB-93DB-4EA1-A5F2-41402705C4F8}"
EndProject
Global
	GlobalSection(SolutionConfigurationPlatforms) = preSolution
		Debug|Any CPU = Debug|Any CPU
		Release|Any CPU = Release|Any CPU
	EndGlobalSection
	GlobalSection(ProjectConfigurationPlatforms) = postSolution
		{FA33DEAB-3F68-419B-8D2E-1420DEE464B8}.Debug|Any CPU.ActiveCfg = Debug|Any CPU
		{FA33DEAB-3F68-419B-8D2E-1420DEE464B8}.Debug|Any CPU.Build.0 = Debug|Any CPU
		{FA33DEAB-3F68-419B-8D2E-1420DEE464B8}.Release|Any CPU.ActiveCfg = Release|Any CPU
		{FA33DEAB-3F68-419B-8D2E-1420DEE464B8}.Release|Any CPU.Build.0 = Release|Any CPU
		{8BA08FFB-93DB-4EA1-A5F2-41402705C4F8}.Debug|Any CPU.ActiveCfg = Debug|Any CPU
		{8BA08FFB-93DB-4EA1-A5F2-41402705C4F8}.Debug|Any CPU.Build.0 = Debug|Any CPU
		{8BA08FFB-93DB-4EA1-A5F2-41402705C4F8}.Release|Any CPU.ActiveCfg = Release|Any CPU
		{8BA08FFB-93DB-4EA1-A5F2-41402705C4F8}.Release|Any CPU.Build.0 = Release|Any CPU
	EndGlobalSection
	GlobalSection(SolutionProperties) = preSolution
		HideSolutionNode = FALSE
	EndGlobalSection
	GlobalSection(ExtensibilityGlobals) = postSolution
		SolutionGuid = {D390E87F-391D-4EC7-A79E-157CB5803C84}
	EndGlobalSection
EndGlobal
